
Microsoft Visual Studio Solution File, Format Version 12.00
# Visual Studio 2012
Project("{FAE04EC0-301F-11D3-BF4B-00C04F79EFBC}") = "i18N-Complete", "i18N-Complete.csproj", "{794D91D6-66E0-4183-AF82-F8842BAD2FC7}"
EndProject
Project("{2150E333-8FDC-42A3-9474-1A3956D46DE8}") = ".nuget", ".nuget", "{C3CFF198-8CA5-4BA3-967C-6D80138F5E29}"
	ProjectSection(SolutionItems) = preProject
		.nuget\NuGet.Config = .nuget\NuGet.Config
		.nuget\NuGet.exe = .nuget\NuGet.exe
		.nuget\NuGet.targets = .nuget\NuGet.targets
	EndProjectSection
EndProject
Global
	GlobalSection(SolutionConfigurationPlatforms) = preSolution
		Debug|Any CPU = Debug|Any CPU
		Release|Any CPU = Release|Any CPU
	EndGlobalSection
	GlobalSection(ProjectConfigurationPlatforms) = postSolution
		{794D91D6-66E0-4183-AF82-F8842BAD2FC7}.Debug|Any CPU.ActiveCfg = Debug|Any CPU
		{794D91D6-66E0-4183-AF82-F8842BAD2FC7}.Debug|Any CPU.Build.0 = Debug|Any CPU
		{794D91D6-66E0-4183-AF82-F8842BAD2FC7}.Release|Any CPU.ActiveCfg = Release|Any CPU
		{794D91D6-66E0-4183-AF82-F8842BAD2FC7}.Release|Any CPU.Build.0 = Release|Any CPU
	EndGlobalSection
	GlobalSection(SolutionProperties) = preSolution
		HideSolutionNode = FALSE
	EndGlobalSection
EndGlobal
